
Microsoft Visual Studio Solution File, Format Version 12.00
# Visual Studio Version 17
VisualStudioVersion = 17.12.35424.110 d17.12
MinimumVisualStudioVersion = 10.0.40219.1
Project("{FAE04EC0-301F-11D3-BF4B-00C04F79EFBC}") = "MudBlazorProject", "MudBlazorProject\MudBlazorProject\MudBlazorProject.csproj", "{834E8BB5-4741-42E1-82FF-6242BBCB9EEC}"
EndProject
Project("{FAE04EC0-301F-11D3-BF4B-00C04F79EFBC}") = "MudBlazorProject.Shared", "MudBlazorProject\MudBlazorProject.Shared\MudBlazorProject.Shared.csproj", "{5FE3C0A5-F8C7-4CF5-83F0-BE2A5E3FBE3F}"
EndProject
Project("{FAE04EC0-301F-11D3-BF4B-00C04F79EFBC}") = "MudBlazorProject.Web", "MudBlazorProject\MudBlazorProject.Web\MudBlazorProject.Web.csproj", "{DCCFF676-09A5-4A76-AB1D-5090B20B970F}"
EndProject
Global
	GlobalSection(SolutionConfigurationPlatforms) = preSolution
		Debug|Any CPU = Debug|Any CPU
		Release|Any CPU = Release|Any CPU
	EndGlobalSection
	GlobalSection(ProjectConfigurationPlatforms) = postSolution
		{834E8BB5-4741-42E1-82FF-6242BBCB9EEC}.Debug|Any CPU.ActiveCfg = Debug|Any CPU
		{834E8BB5-4741-42E1-82FF-6242BBCB9EEC}.Debug|Any CPU.Build.0 = Debug|Any CPU
		{834E8BB5-4741-42E1-82FF-6242BBCB9EEC}.Release|Any CPU.ActiveCfg = Release|Any CPU
		{834E8BB5-4741-42E1-82FF-6242BBCB9EEC}.Release|Any CPU.Build.0 = Release|Any CPU
		{5FE3C0A5-F8C7-4CF5-83F0-BE2A5E3FBE3F}.Debug|Any CPU.ActiveCfg = Debug|Any CPU
		{5FE3C0A5-F8C7-4CF5-83F0-BE2A5E3FBE3F}.Debug|Any CPU.Build.0 = Debug|Any CPU
		{5FE3C0A5-F8C7-4CF5-83F0-BE2A5E3FBE3F}.Release|Any CPU.ActiveCfg = Release|Any CPU
		{5FE3C0A5-F8C7-4CF5-83F0-BE2A5E3FBE3F}.Release|Any CPU.Build.0 = Release|Any CPU
		{DCCFF676-09A5-4A76-AB1D-5090B20B970F}.Debug|Any CPU.ActiveCfg = Debug|Any CPU
		{DCCFF676-09A5-4A76-AB1D-5090B20B970F}.Debug|Any CPU.Build.0 = Debug|Any CPU
		{DCCFF676-09A5-4A76-AB1D-5090B20B970F}.Release|Any CPU.ActiveCfg = Release|Any CPU
		{DCCFF676-09A5-4A76-AB1D-5090B20B970F}.Release|Any CPU.Build.0 = Release|Any CPU
	EndGlobalSection
	GlobalSection(SolutionProperties) = preSolution
		HideSolutionNode = FALSE
	EndGlobalSection
EndGlobal
